
Microsoft Visual Studio Solution File, Format Version 12.00
# Visual Studio Version 17
VisualStudioVersion = 17.9.34728.123
MinimumVisualStudioVersion = 10.0.40219.1
Project("{9A19103F-16F7-4668-BE54-9A1E7A4F7556}") = "ClientApp", "ClientApp.csproj", "{23B2A42F-1F9D-428A-B77D-408735AE7041}"
EndProject
Project("{9A19103F-16F7-4668-BE54-9A1E7A4F7556}") = "ClientData", "..\ClientData\ClientData.csproj", "{70655003-7CA6-480B-B0FD-94BFA68E3EEF}"
EndProject
Project("{FAE04EC0-301F-11D3-BF4B-00C04F79EFBC}") = "ConsoleDemonstration", "..\ConsoleDemonstration\ConsoleDemonstration.csproj", "{8045A3BA-8579-4DEC-BA2F-12605448549E}"
EndProject
Project("{FAE04EC0-301F-11D3-BF4B-00C04F79EFBC}") = "ClientAppTests", "..\ClientAppTests\ClientAppTests.csproj", "{339BD449-DECF-4855-B44D-AE23AF09BB43}"
EndProject
Global
	GlobalSection(SolutionConfigurationPlatforms) = preSolution
		Debug|Any CPU = Debug|Any CPU
		Release|Any CPU = Release|Any CPU
	EndGlobalSection
	GlobalSection(ProjectConfigurationPlatforms) = postSolution
		{23B2A42F-1F9D-428A-B77D-408735AE7041}.Debug|Any CPU.ActiveCfg = Debug|Any CPU
		{23B2A42F-1F9D-428A-B77D-408735AE7041}.Debug|Any CPU.Build.0 = Debug|Any CPU
		{23B2A42F-1F9D-428A-B77D-408735AE7041}.Release|Any CPU.ActiveCfg = Release|Any CPU
		{23B2A42F-1F9D-428A-B77D-408735AE7041}.Release|Any CPU.Build.0 = Release|Any CPU
		{70655003-7CA6-480B-B0FD-94BFA68E3EEF}.Debug|Any CPU.ActiveCfg = Debug|Any CPU
		{70655003-7CA6-480B-B0FD-94BFA68E3EEF}.Debug|Any CPU.Build.0 = Debug|Any CPU
		{70655003-7CA6-480B-B0FD-94BFA68E3EEF}.Release|Any CPU.ActiveCfg = Release|Any CPU
		{70655003-7CA6-480B-B0FD-94BFA68E3EEF}.Release|Any CPU.Build.0 = Release|Any CPU
		{8045A3BA-8579-4DEC-BA2F-12605448549E}.Debug|Any CPU.ActiveCfg = Debug|Any CPU
		{8045A3BA-8579-4DEC-BA2F-12605448549E}.Debug|Any CPU.Build.0 = Debug|Any CPU
		{8045A3BA-8579-4DEC-BA2F-12605448549E}.Release|Any CPU.ActiveCfg = Release|Any CPU
		{8045A3BA-8579-4DEC-BA2F-12605448549E}.Release|Any CPU.Build.0 = Release|Any CPU
		{339BD449-DECF-4855-B44D-AE23AF09BB43}.Debug|Any CPU.ActiveCfg = Debug|Any CPU
		{339BD449-DECF-4855-B44D-AE23AF09BB43}.Debug|Any CPU.Build.0 = Debug|Any CPU
		{339BD449-DECF-4855-B44D-AE23AF09BB43}.Release|Any CPU.ActiveCfg = Release|Any CPU
		{339BD449-DECF-4855-B44D-AE23AF09BB43}.Release|Any CPU.Build.0 = Release|Any CPU
	EndGlobalSection
	GlobalSection(SolutionProperties) = preSolution
		HideSolutionNode = FALSE
	EndGlobalSection
	GlobalSection(ExtensibilityGlobals) = postSolution
		SolutionGuid = {BEDA4C69-A4BA-486C-BD6E-111308E1E1A1}
	EndGlobalSection
EndGlobal
